// !$*UTF8*$!
{
	archiveVersion = 1;
	classes = {
	};
	objectVersion = 50;
	objects = {

/* Begin PBXBuildFile section */
		431F4F4B24DC428300B1DFD0 /* AppDelegate.swift in Sources */ = {isa = PBXBuildFile; fileRef = 431F4F4A24DC428300B1DFD0 /* AppDelegate.swift */; };
		431F4F4D24DC428300B1DFD0 /* SceneDelegate.swift in Sources */ = {isa = PBXBuildFile; fileRef = 431F4F4C24DC428300B1DFD0 /* SceneDelegate.swift */; };
		431F4F4F24DC428300B1DFD0 /* ViewController.swift in Sources */ = {isa = PBXBuildFile; fileRef = 431F4F4E24DC428300B1DFD0 /* ViewController.swift */; };
		431F4F5224DC428300B1DFD0 /* Main.storyboard in Resources */ = {isa = PBXBuildFile; fileRef = 431F4F5024DC428300B1DFD0 /* Main.storyboard */; };
		431F4F5424DC428500B1DFD0 /* Assets.xcassets in Resources */ = {isa = PBXBuildFile; fileRef = 431F4F5324DC428500B1DFD0 /* Assets.xcassets */; };
		431F4F5724DC428500B1DFD0 /* LaunchScreen.storyboard in Resources */ = {isa = PBXBuildFile; fileRef = 431F4F5524DC428500B1DFD0 /* LaunchScreen.storyboard */; };
/* End PBXBuildFile section */

/* Begin PBXFileReference section */
		431F4F4724DC428300B1DFD0 /* streamFFMPEG.app */ = {isa = PBXFileReference; explicitFileType = wrapper.application; includeInIndex = 0; path = streamFFMPEG.app; sourceTree = BUILT_PRODUCTS_DIR; };
		431F4F4A24DC428300B1DFD0 /* AppDelegate.swift */ = {isa = PBXFileReference; lastKnownFileType = sourcecode.swift; path = AppDelegate.swift; sourceTree = "<group>"; };
		431F4F4C24DC428300B1DFD0 /* SceneDelegate.swift */ = {isa = PBXFileReference; lastKnownFileType = sourcecode.swift; path = SceneDelegate.swift; sourceTree = "<group>"; };
		431F4F4E24DC428300B1DFD0 /* ViewController.swift */ = {isa = PBXFileReference; lastKnownFileType = sourcecode.swift; path = ViewController.swift; sourceTree = "<group>"; };
		431F4F5124DC428300B1DFD0 /* Base */ = {isa = PBXFileReference; lastKnownFileType = file.storyboard; name = Base; path = Base.lproj/Main.storyboard; sourceTree = "<group>"; };
		431F4F5324DC428500B1DFD0 /* Assets.xcassets */ = {isa = PBXFileReference; lastKnownFileType = folder.assetcatalog; path = Assets.xcassets; sourceTree = "<group>"; };
		431F4F5624DC428500B1DFD0 /* Base */ = {isa = PBXFileReference; lastKnownFileType = file.storyboard; name = Base; path = Base.lproj/LaunchScreen.storyboard; sourceTree = "<group>"; };
		431F4F5824DC428500B1DFD0 /* Info.plist */ = {isa = PBXFileReference; lastKnownFileType = text.plist.xml; path = Info.plist; sourceTree = "<group>"; };
/* End PBXFileReference section */

/* Begin PBXFrameworksBuildPhase section */
		431F4F4424DC428300B1DFD0 /* Frameworks */ = {
			isa = PBXFrameworksBuildPhase;
			buildActionMask = 2147483647;
			files = (
			);
			runOnlyForDeploymentPostprocessing = 0;
		};
/* End PBXFrameworksBuildPhase section */

/* Begin PBXGroup section */
		431F4F3E24DC428300B1DFD0 = {
			isa = PBXGroup;
			children = (
				431F4F4924DC428300B1DFD0 /* streamFFMPEG */,
				431F4F4824DC428300B1DFD0 /* Products */,
			);
			sourceTree = "<group>";
		};
		431F4F4824DC428300B1DFD0 /* Products */ = {
			isa = PBXGroup;
			children = (
				431F4F4724DC428300B1DFD0 /* streamFFMPEG.app */,
			);
			name = Products;
			sourceTree = "<group>";
		};
		431F4F4924DC428300B1DFD0 /* streamFFMPEG */ = {
			isa = PBXGroup;
			children = (
				431F4F4A24DC428300B1DFD0 /* AppDelegate.swift */,
				431F4F4C24DC428300B1DFD0 /* SceneDelegate.swift */,
				431F4F4E24DC428300B1DFD0 /* ViewController.swift */,
				431F4F5024DC428300B1DFD0 /* Main.storyboard */,
				431F4F5324DC428500B1DFD0 /* Assets.xcassets */,
				431F4F5524DC428500B1DFD0 /* LaunchScreen.storyboard */,
				431F4F5824DC428500B1DFD0 /* Info.plist */,
			);
			path = streamFFMPEG;
			sourceTree = "<group>";
		};
/* End PBXGroup section */

/* Begin PBXNativeTarget section */
		431F4F4624DC428300B1DFD0 /* streamFFMPEG */ = {
			isa = PBXNativeTarget;
			buildConfigurationList = 431F4F5B24DC428500B1DFD0 /* Build configuration list for PBXNativeTarget "streamFFMPEG" */;
			buildPhases = (
				431F4F4324DC428300B1DFD0 /* Sources */,
				431F4F4424DC428300B1DFD0 /* Frameworks */,
				431F4F4524DC428300B1DFD0 /* Resources */,
			);
			buildRules = (
			);
			dependencies = (
			);
			name = streamFFMPEG;
			productName = streamFFMPEG;
			productReference = 431F4F4724DC428300B1DFD0 /* streamFFMPEG.app */;
			productType = "com.apple.product-type.application";
		};
/* End PBXNativeTarget section */

/* Begin PBXProject section */
		431F4F3F24DC428300B1DFD0 /* Project object */ = {
			isa = PBXProject;
			attributes = {
				LastSwiftUpdateCheck = 1130;
				LastUpgradeCheck = 1130;
				ORGANIZATIONNAME = "ABDELAZiZ EL ARASSi";
				TargetAttributes = {
					431F4F4624DC428300B1DFD0 = {
						CreatedOnToolsVersion = 11.3.1;
					};
				};
			};
			buildConfigurationList = 431F4F4224DC428300B1DFD0 /* Build configuration list for PBXProject "streamFFMPEG" */;
			compatibilityVersion = "Xcode 9.3";
			developmentRegion = en;
			hasScannedForEncodings = 0;
			knownRegions = (
				en,
				Base,
			);
			mainGroup = 431F4F3E24DC428300B1DFD0;
			productRefGroup = 431F4F4824DC428300B1DFD0 /* Products */;
			projectDirPath = "";
			projectRoot = "";
			targets = (
				431F4F4624DC428300B1DFD0 /* streamFFMPEG */,
			);
		};
/* End PBXProject section */

/* Begin PBXResourcesBuildPhase section */
		431F4F4524DC428300B1DFD0 /* Resources */ = {
			isa = PBXResourcesBuildPhase;
			buildActionMask = 2147483647;
			files = (
				431F4F5724DC428500B1DFD0 /* LaunchScreen.storyboard in Resources */,
				431F4F5424DC428500B1DFD0 /* Assets.xcassets in Resources */,
				431F4F5224DC428300B1DFD0 /* Main.storyboard in Resources */,
			);
			runOnlyForDeploymentPostprocessing = 0;
		};
/* End PBXResourcesBuildPhase section */

/* Begin PBXSourcesBuildPhase section */
		431F4F4324DC428300B1DFD0 /* Sources */ = {
			isa = PBXSourcesBuildPhase;
			buildActionMask = 2147483647;
			files = (
				431F4F4F24DC428300B1DFD0 /* ViewController.swift in Sources */,
				431F4F4B24DC428300B1DFD0 /* AppDelegate.swift in Sources */,
				431F4F4D24DC428300B1DFD0 /* SceneDelegate.swift in Sources */,
			);
			runOnlyForDeploymentPostprocessing = 0;
		};
/* End PBXSourcesBuildPhase section */

/* Begin PBXVariantGroup section */
		431F4F5024DC428300B1DFD0 /* Main.storyboard */ = {
			isa = PBXVariantGroup;
			children = (
				431F4F5124DC428300B1DFD0 /* Base */,
			);
			name = Main.storyboard;
			sourceTree = "<group>";
		};
		431F4F5524DC428500B1DFD0 /* LaunchScreen.storyboard */ = {
			isa = PBXVariantGroup;
			children = (
				431F4F5624DC428500B1DFD0 /* Base */,
			);
			name = LaunchScreen.storyboard;
			sourceTree = "<group>";
		};
/* End PBXVariantGroup section */

/* Begin XCBuildConfiguration section */
		431F4F5924DC428500B1DFD0 /* Debug */ = {
			isa = XCBuildConfiguration;
			buildSettings = {
				ALWAYS_SEARCH_USER_PATHS = NO;
				CLANG_ANALYZER_NONNULL = YES;
				CLANG_ANALYZER_NUMBER_OBJECT_CONVERSION = YES_AGGRESSIVE;
				CLANG_CXX_LANGUAGE_STANDARD = "gnu++14";
				CLANG_CXX_LIBRARY = "libc++";
				CLANG_ENABLE_MODULES = YES;
				CLANG_ENABLE_OBJC_ARC = YES;
				CLANG_ENABLE_OBJC_WEAK = YES;
				CLANG_WARN_BLOCK_CAPTURE_AUTORELEASING = YES;
				CLANG_WARN_BOOL_CONVERSION = YES;
				CLANG_WARN_COMMA = YES;
				CLANG_WARN_CONSTANT_CONVERSION = YES;
				CLANG_WARN_DEPRECATED_OBJC_IMPLEMENTATIONS = YES;
				CLANG_WARN_DIRECT_OBJC_ISA_USAGE = YES_ERROR;
				CLANG_WARN_DOCUMENTATION_COMMENTS = YES;
				CLANG_WARN_EMPTY_BODY = YES;
				CLANG_WARN_ENUM_CONVERSION = YES;
				CLANG_WARN_INFINITE_RECURSION = YES;
				CLANG_WARN_INT_CONVERSION = YES;
				CLANG_WARN_NON_LITERAL_NULL_CONVERSION = YES;
				CLANG_WARN_OBJC_IMPLICIT_RETAIN_SELF = YES;
				CLANG_WARN_OBJC_LITERAL_CONVERSION = YES;
				CLANG_WARN_OBJC_ROOT_CLASS = YES_ERROR;
				CLANG_WARN_RANGE_LOOP_ANALYSIS = YES;
				CLANG_WARN_STRICT_PROTOTYPES = YES;
				CLANG_WARN_SUSPICIOUS_MOVE = YES;
				CLANG_WARN_UNGUARDED_AVAILABILITY = YES_AGGRESSIVE;
				CLANG_WARN_UNREACHABLE_CODE = YES;
				CLANG_WARN__DUPLICATE_METHOD_MATCH = YES;
				COPY_PHASE_STRIP = NO;
				DEBUG_INFORMATION_FORMAT = dwarf;
				ENABLE_STRICT_OBJC_MSGSEND = YES;
				ENABLE_TESTABILITY = YES;
				GCC_C_LANGUAGE_STANDARD = gnu11;
				GCC_DYNAMIC_NO_PIC = NO;
				GCC_NO_COMMON_BLOCKS = YES;
				GCC_OPTIMIZATION_LEVEL = 0;
				GCC_PREPROCESSOR_DEFINITIONS = (
					"DEBUG=1",
					"$(inherited)",
				);
				GCC_WARN_64_TO_32_BIT_CONVERSION = YES;
				GCC_WARN_ABOUT_RETURN_TYPE = YES_ERROR;
				GCC_WARN_UNDECLARED_SELECTOR = YES;
				GCC_WARN_UNINITIALIZED_AUTOS = YES_AGGRESSIVE;
				GCC_WARN_UNUSED_FUNCTION = YES;
				GCC_WARN_UNUSED_VARIABLE = YES;
				IPHONEOS_DEPLOYMENT_TARGET = 13.2;
				MTL_ENABLE_DEBUG_INFO = INCLUDE_SOURCE;
				MTL_FAST_MATH = YES;
				ONLY_ACTIVE_ARCH = YES;
				SDKROOT = iphoneos;
				SWIFT_ACTIVE_COMPILATION_CONDITIONS = DEBUG;
				SWIFT_OPTIMIZATION_LEVEL = "-Onone";
			};
			name = Debug;
		};
		431F4F5A24DC428500B1DFD0 /* Release */ = {
			isa = XCBuildConfiguration;
			buildSettings = {
				ALWAYS_SEARCH_USER_PATHS = NO;
				CLANG_ANALYZER_NONNULL = YES;
				CLANG_ANALYZER_NUMBER_OBJECT_CONVERSION = YES_AGGRESSIVE;
				CLANG_CXX_LANGUAGE_STANDARD = "gnu++14";
				CLANG_CXX_LIBRARY = "libc++";
				CLANG_ENABLE_MODULES = YES;
				CLANG_ENABLE_OBJC_ARC = YES;
				CLANG_ENABLE_OBJC_WEAK = YES;
				CLANG_WARN_BLOCK_CAPTURE_AUTORELEASING = YES;
				CLANG_WARN_BOOL_CONVERSION = YES;
				CLANG_WARN_COMMA = YES;
				CLANG_WARN_CONSTANT_CONVERSION = YES;
				CLANG_WARN_DEPRECATED_OBJC_IMPLEMENTATIONS = YES;
				CLANG_WARN_DIRECT_OBJC_ISA_USAGE = YES_ERROR;
				CLANG_WARN_DOCUMENTATION_COMMENTS = YES;
				CLANG_WARN_EMPTY_BODY = YES;
				CLANG_WARN_ENUM_CONVERSION = YES;
				CLANG_WARN_INFINITE_RECURSION = YES;
				CLANG_WARN_INT_CONVERSION = YES;
				CLANG_WARN_NON_LITERAL_NULL_CONVERSION = YES;
				CLANG_WARN_OBJC_IMPLICIT_RETAIN_SELF = YES;
				CLANG_WARN_OBJC_LITERAL_CONVERSION = YES;
				CLANG_WARN_OBJC_ROOT_CLASS = YES_ERROR;
				CLANG_WARN_RANGE_LOOP_ANALYSIS = YES;
				CLANG_WARN_STRICT_PROTOTYPES = YES;
				CLANG_WARN_SUSPICIOUS_MOVE = YES;
				CLANG_WARN_UNGUARDED_AVAILABILITY = YES_AGGRESSIVE;
				CLANG_WARN_UNREACHABLE_CODE = YES;
				CLANG_WARN__DUPLICATE_METHOD_MATCH = YES;
				COPY_PHASE_STRIP = NO;
				DEBUG_INFORMATION_FORMAT = "dwarf-with-dsym";
				ENABLE_NS_ASSERTIONS = NO;
				ENABLE_STRICT_OBJC_MSGSEND = YES;
				GCC_C_LANGUAGE_STANDARD = gnu11;
				GCC_NO_COMMON_BLOCKS = YES;
				GCC_WARN_64_TO_32_BIT_CONVERSION = YES;
				GCC_WARN_ABOUT_RETURN_TYPE = YES_ERROR;
				GCC_WARN_UNDECLARED_SELECTOR = YES;
				GCC_WARN_UNINITIALIZED_AUTOS = YES_AGGRESSIVE;
				GCC_WARN_UNUSED_FUNCTION = YES;
				GCC_WARN_UNUSED_VARIABLE = YES;
				IPHONEOS_DEPLOYMENT_TARGET = 13.2;
				MTL_ENABLE_DEBUG_INFO = NO;
				MTL_FAST_MATH = YES;
				SDKROOT = iphoneos;
				SWIFT_COMPILATION_MODE = wholemodule;
				SWIFT_OPTIMIZATION_LEVEL = "-O";
				VALIDATE_PRODUCT = YES;
			};
			name = Release;
		};
		431F4F5C24DC428500B1DFD0 /* Debug */ = {
			isa = XCBuildConfiguration;
			buildSettings = {
				ASSETCATALOG_COMPILER_APPICON_NAME = AppIcon;
				CODE_SIGN_STYLE = Automatic;
				DEVELOPMENT_TEAM = 992ZKDJZCH;
				INFOPLIST_FILE = streamFFMPEG/Info.plist;
				LD_RUNPATH_SEARCH_PATHS = (
					"$(inherited)",
					"@executable_path/Frameworks",
				);
				PRODUCT_BUNDLE_IDENTIFIER = com.aelarassi.demopushnotifs.streamFFMPEG;
				PRODUCT_NAME = "$(TARGET_NAME)";
				SWIFT_VERSION = 5.0;
				TARGETED_DEVICE_FAMILY = "1,2";
			};
			name = Debug;
		};
		431F4F5D24DC428500B1DFD0 /* Release */ = {
			isa = XCBuildConfiguration;
			buildSettings = {
				ASSETCATALOG_COMPILER_APPICON_NAME = AppIcon;
				CODE_SIGN_STYLE = Automatic;
				DEVELOPMENT_TEAM = 992ZKDJZCH;
				INFOPLIST_FILE = streamFFMPEG/Info.plist;
				LD_RUNPATH_SEARCH_PATHS = (
					"$(inherited)",
					"@executable_path/Frameworks",
				);
				PRODUCT_BUNDLE_IDENTIFIER = com.aelarassi.demopushnotifs.streamFFMPEG;
				PRODUCT_NAME = "$(TARGET_NAME)";
				SWIFT_VERSION = 5.0;
				TARGETED_DEVICE_FAMILY = "1,2";
			};
			name = Release;
		};
/* End XCBuildConfiguration section */

/* Begin XCConfigurationList section */
		431F4F4224DC428300B1DFD0 /* Build configuration list for PBXProject "streamFFMPEG" */ = {
			isa = XCConfigurationList;
			buildConfigurations = (
				431F4F5924DC428500B1DFD0 /* Debug */,
				431F4F5A24DC428500B1DFD0 /* Release */,
			);
			defaultConfigurationIsVisible = 0;
			defaultConfigurationName = Release;
		};
		431F4F5B24DC428500B1DFD0 /* Build configuration list for PBXNativeTarget "streamFFMPEG" */ = {
			isa = XCConfigurationList;
			buildConfigurations = (
				431F4F5C24DC428500B1DFD0 /* Debug */,
				431F4F5D24DC428500B1DFD0 /* Release */,
			);
			defaultConfigurationIsVisible = 0;
			defaultConfigurationName = Release;
		};
/* End XCConfigurationList section */
	};
	rootObject = 431F4F3F24DC428300B1DFD0 /* Project object */;
}
